// !$*UTF8*$!
{
	archiveVersion = 1;
	classes = {
	};
	objectVersion = 56;
	objects = {

/* Begin PBXBuildFile section */
		0B03C1462B6C141B00CC31C4 /* UserInfoVC.swift in Sources */ = {isa = PBXBuildFile; fileRef = 0B03C1452B6C141B00CC31C4 /* UserInfoVC.swift */; };
		0B099DDA2B6FE50B0056613F /* Date+Ext.swift in Sources */ = {isa = PBXBuildFile; fileRef = 0B099DD92B6FE50B0056613F /* Date+Ext.swift */; };
		0B099DDC2B6FE5390056613F /* String+Ext.swift in Sources */ = {isa = PBXBuildFile; fileRef = 0B099DDB2B6FE5390056613F /* String+Ext.swift */; };
		0B0C4F502B61922000459C8A /* FollowerListVC.swift in Sources */ = {isa = PBXBuildFile; fileRef = 0B0C4F4F2B61922000459C8A /* FollowerListVC.swift */; };
		0B0C4F522B619EC500459C8A /* GFTitleLabel.swift in Sources */ = {isa = PBXBuildFile; fileRef = 0B0C4F512B619EC500459C8A /* GFTitleLabel.swift */; };
		0B0C4F542B61A01A00459C8A /* GFBodyLabel.swift in Sources */ = {isa = PBXBuildFile; fileRef = 0B0C4F532B61A01A00459C8A /* GFBodyLabel.swift */; };
		0B0C4F562B61A0EB00459C8A /* GFAlertVC.swift in Sources */ = {isa = PBXBuildFile; fileRef = 0B0C4F552B61A0EB00459C8A /* GFAlertVC.swift */; };
		0B0C4F582B61A6A800459C8A /* UIViewController+Ext.swift in Sources */ = {isa = PBXBuildFile; fileRef = 0B0C4F572B61A6A800459C8A /* UIViewController+Ext.swift */; };
		0B11685D2B6AC9B500F5E757 /* GFEmptyStateView.swift in Sources */ = {isa = PBXBuildFile; fileRef = 0B11685C2B6AC9B500F5E757 /* GFEmptyStateView.swift */; };
		0B201EA52B5EF71900711E42 /* SearchVC.swift in Sources */ = {isa = PBXBuildFile; fileRef = 0B201EA42B5EF71900711E42 /* SearchVC.swift */; };
		0B201EA72B5EF74C00711E42 /* FavouritesListVC.swift in Sources */ = {isa = PBXBuildFile; fileRef = 0B201EA62B5EF74C00711E42 /* FavouritesListVC.swift */; };
		0B41F2E32B603F00008C2F54 /* GFButton.swift in Sources */ = {isa = PBXBuildFile; fileRef = 0B41F2E22B603F00008C2F54 /* GFButton.swift */; };
		0B41F2E52B6042BD008C2F54 /* GFTextField.swift in Sources */ = {isa = PBXBuildFile; fileRef = 0B41F2E42B6042BD008C2F54 /* GFTextField.swift */; };
		0B7876762B6838D600BD5A20 /* UIHelper.swift in Sources */ = {isa = PBXBuildFile; fileRef = 0B7876752B6838D600BD5A20 /* UIHelper.swift */; };
		0B87E6FB2B6581DA00411D08 /* GFError.swift in Sources */ = {isa = PBXBuildFile; fileRef = 0B87E6FA2B6581DA00411D08 /* GFError.swift */; };
		0B8C7BF42B6578BC008A6F1A /* NetworkManager.swift in Sources */ = {isa = PBXBuildFile; fileRef = 0B8C7BF32B6578BC008A6F1A /* NetworkManager.swift */; };
		0B9CD9002B5D864C004BB9A0 /* AppDelegate.swift in Sources */ = {isa = PBXBuildFile; fileRef = 0B9CD8FF2B5D864C004BB9A0 /* AppDelegate.swift */; };
		0B9CD9022B5D864C004BB9A0 /* SceneDelegate.swift in Sources */ = {isa = PBXBuildFile; fileRef = 0B9CD9012B5D864C004BB9A0 /* SceneDelegate.swift */; };
		0B9CD9092B5D864D004BB9A0 /* Assets.xcassets in Resources */ = {isa = PBXBuildFile; fileRef = 0B9CD9082B5D864D004BB9A0 /* Assets.xcassets */; };
		0B9CD90C2B5D864D004BB9A0 /* LaunchScreen.storyboard in Resources */ = {isa = PBXBuildFile; fileRef = 0B9CD90A2B5D864D004BB9A0 /* LaunchScreen.storyboard */; };
		0B9CD9152B5D9597004BB9A0 /* ProjectBrief.md in Resources */ = {isa = PBXBuildFile; fileRef = 0B9CD9142B5D9597004BB9A0 /* ProjectBrief.md */; };
		0BA212F22B6EAC0100D945FD /* GFItemInfoVC.swift in Sources */ = {isa = PBXBuildFile; fileRef = 0BA212F12B6EAC0100D945FD /* GFItemInfoVC.swift */; };
		0BA212F42B6EB01A00D945FD /* GFRepoItemVC.swift in Sources */ = {isa = PBXBuildFile; fileRef = 0BA212F32B6EB01900D945FD /* GFRepoItemVC.swift */; };
		0BA212F62B6EB1A600D945FD /* GFFollowerItemVC.swift in Sources */ = {isa = PBXBuildFile; fileRef = 0BA212F52B6EB1A600D945FD /* GFFollowerItemVC.swift */; };
		0BAEF73D2B66A29C006FF642 /* FollowerCell.swift in Sources */ = {isa = PBXBuildFile; fileRef = 0BAEF73C2B66A29C006FF642 /* FollowerCell.swift */; };
		0BAEF73F2B66A324006FF642 /* GFAvatarImageView.swift in Sources */ = {isa = PBXBuildFile; fileRef = 0BAEF73E2B66A324006FF642 /* GFAvatarImageView.swift */; };
		0BB9B86A2B6D558B0040C784 /* GFUserInfoHeaderVC.swift in Sources */ = {isa = PBXBuildFile; fileRef = 0BB9B8692B6D558B0040C784 /* GFUserInfoHeaderVC.swift */; };
		0BB9B86C2B6D55EE0040C784 /* GFSecondaryTitleLabel.swift in Sources */ = {isa = PBXBuildFile; fileRef = 0BB9B86B2B6D55EE0040C784 /* GFSecondaryTitleLabel.swift */; };
		0BB9B86E2B6D5C510040C784 /* Constants.swift in Sources */ = {isa = PBXBuildFile; fileRef = 0BB9B86D2B6D5C510040C784 /* Constants.swift */; };
		0BDE4C5F2B6D6B2E00821FBF /* GFItemInfoView.swift in Sources */ = {isa = PBXBuildFile; fileRef = 0BDE4C5E2B6D6B2E00821FBF /* GFItemInfoView.swift */; };
		0BF9765C2B642D5100F27AD3 /* Follower.swift in Sources */ = {isa = PBXBuildFile; fileRef = 0BF9765B2B642D5000F27AD3 /* Follower.swift */; };
		0BF9765E2B642E3C00F27AD3 /* User.swift in Sources */ = {isa = PBXBuildFile; fileRef = 0BF9765D2B642E3C00F27AD3 /* User.swift */; };
/* End PBXBuildFile section */

/* Begin PBXFileReference section */
		0B03C1452B6C141B00CC31C4 /* UserInfoVC.swift */ = {isa = PBXFileReference; lastKnownFileType = sourcecode.swift; path = UserInfoVC.swift; sourceTree = "<group>"; };
		0B099DD92B6FE50B0056613F /* Date+Ext.swift */ = {isa = PBXFileReference; lastKnownFileType = sourcecode.swift; path = "Date+Ext.swift"; sourceTree = "<group>"; };
		0B099DDB2B6FE5390056613F /* String+Ext.swift */ = {isa = PBXFileReference; lastKnownFileType = sourcecode.swift; path = "String+Ext.swift"; sourceTree = "<group>"; };
		0B0C4F4F2B61922000459C8A /* FollowerListVC.swift */ = {isa = PBXFileReference; lastKnownFileType = sourcecode.swift; path = FollowerListVC.swift; sourceTree = "<group>"; };
		0B0C4F512B619EC500459C8A /* GFTitleLabel.swift */ = {isa = PBXFileReference; lastKnownFileType = sourcecode.swift; path = GFTitleLabel.swift; sourceTree = "<group>"; };
		0B0C4F532B61A01A00459C8A /* GFBodyLabel.swift */ = {isa = PBXFileReference; lastKnownFileType = sourcecode.swift; path = GFBodyLabel.swift; sourceTree = "<group>"; };
		0B0C4F552B61A0EB00459C8A /* GFAlertVC.swift */ = {isa = PBXFileReference; lastKnownFileType = sourcecode.swift; path = GFAlertVC.swift; sourceTree = "<group>"; };
		0B0C4F572B61A6A800459C8A /* UIViewController+Ext.swift */ = {isa = PBXFileReference; lastKnownFileType = sourcecode.swift; path = "UIViewController+Ext.swift"; sourceTree = "<group>"; };
		0B11685C2B6AC9B500F5E757 /* GFEmptyStateView.swift */ = {isa = PBXFileReference; lastKnownFileType = sourcecode.swift; path = GFEmptyStateView.swift; sourceTree = "<group>"; };
		0B201EA42B5EF71900711E42 /* SearchVC.swift */ = {isa = PBXFileReference; lastKnownFileType = sourcecode.swift; path = SearchVC.swift; sourceTree = "<group>"; };
		0B201EA62B5EF74C00711E42 /* FavouritesListVC.swift */ = {isa = PBXFileReference; lastKnownFileType = sourcecode.swift; path = FavouritesListVC.swift; sourceTree = "<group>"; };
		0B41F2E22B603F00008C2F54 /* GFButton.swift */ = {isa = PBXFileReference; lastKnownFileType = sourcecode.swift; path = GFButton.swift; sourceTree = "<group>"; };
		0B41F2E42B6042BD008C2F54 /* GFTextField.swift */ = {isa = PBXFileReference; lastKnownFileType = sourcecode.swift; path = GFTextField.swift; sourceTree = "<group>"; };
		0B7876752B6838D600BD5A20 /* UIHelper.swift */ = {isa = PBXFileReference; lastKnownFileType = sourcecode.swift; path = UIHelper.swift; sourceTree = "<group>"; };
		0B87E6FA2B6581DA00411D08 /* GFError.swift */ = {isa = PBXFileReference; lastKnownFileType = sourcecode.swift; path = GFError.swift; sourceTree = "<group>"; };
		0B8C7BF32B6578BC008A6F1A /* NetworkManager.swift */ = {isa = PBXFileReference; lastKnownFileType = sourcecode.swift; path = NetworkManager.swift; sourceTree = "<group>"; };
		0B9CD8FC2B5D864C004BB9A0 /* GHFollowers.app */ = {isa = PBXFileReference; explicitFileType = wrapper.application; includeInIndex = 0; path = GHFollowers.app; sourceTree = BUILT_PRODUCTS_DIR; };
		0B9CD8FF2B5D864C004BB9A0 /* AppDelegate.swift */ = {isa = PBXFileReference; lastKnownFileType = sourcecode.swift; path = AppDelegate.swift; sourceTree = "<group>"; };
		0B9CD9012B5D864C004BB9A0 /* SceneDelegate.swift */ = {isa = PBXFileReference; lastKnownFileType = sourcecode.swift; path = SceneDelegate.swift; sourceTree = "<group>"; };
		0B9CD9082B5D864D004BB9A0 /* Assets.xcassets */ = {isa = PBXFileReference; lastKnownFileType = folder.assetcatalog; path = Assets.xcassets; sourceTree = "<group>"; };
		0B9CD90B2B5D864D004BB9A0 /* Base */ = {isa = PBXFileReference; lastKnownFileType = file.storyboard; name = Base; path = Base.lproj/LaunchScreen.storyboard; sourceTree = "<group>"; };
		0B9CD90D2B5D864D004BB9A0 /* Info.plist */ = {isa = PBXFileReference; lastKnownFileType = text.plist.xml; path = Info.plist; sourceTree = "<group>"; };
		0B9CD9142B5D9597004BB9A0 /* ProjectBrief.md */ = {isa = PBXFileReference; fileEncoding = 4; lastKnownFileType = net.daringfireball.markdown; path = ProjectBrief.md; sourceTree = "<group>"; };
		0B9CD9162B5D95FF004BB9A0 /* App Figma Layout.fig */ = {isa = PBXFileReference; lastKnownFileType = file; path = "App Figma Layout.fig"; sourceTree = "<group>"; };
		0BA212F12B6EAC0100D945FD /* GFItemInfoVC.swift */ = {isa = PBXFileReference; lastKnownFileType = sourcecode.swift; path = GFItemInfoVC.swift; sourceTree = "<group>"; };
		0BA212F32B6EB01900D945FD /* GFRepoItemVC.swift */ = {isa = PBXFileReference; lastKnownFileType = sourcecode.swift; path = GFRepoItemVC.swift; sourceTree = "<group>"; };
		0BA212F52B6EB1A600D945FD /* GFFollowerItemVC.swift */ = {isa = PBXFileReference; lastKnownFileType = sourcecode.swift; path = GFFollowerItemVC.swift; sourceTree = "<group>"; };
		0BAEF73C2B66A29C006FF642 /* FollowerCell.swift */ = {isa = PBXFileReference; lastKnownFileType = sourcecode.swift; path = FollowerCell.swift; sourceTree = "<group>"; };
		0BAEF73E2B66A324006FF642 /* GFAvatarImageView.swift */ = {isa = PBXFileReference; lastKnownFileType = sourcecode.swift; path = GFAvatarImageView.swift; sourceTree = "<group>"; };
		0BB9B8692B6D558B0040C784 /* GFUserInfoHeaderVC.swift */ = {isa = PBXFileReference; lastKnownFileType = sourcecode.swift; path = GFUserInfoHeaderVC.swift; sourceTree = "<group>"; };
		0BB9B86B2B6D55EE0040C784 /* GFSecondaryTitleLabel.swift */ = {isa = PBXFileReference; lastKnownFileType = sourcecode.swift; path = GFSecondaryTitleLabel.swift; sourceTree = "<group>"; };
		0BB9B86D2B6D5C510040C784 /* Constants.swift */ = {isa = PBXFileReference; lastKnownFileType = sourcecode.swift; path = Constants.swift; sourceTree = "<group>"; };
		0BDE4C5E2B6D6B2E00821FBF /* GFItemInfoView.swift */ = {isa = PBXFileReference; lastKnownFileType = sourcecode.swift; path = GFItemInfoView.swift; sourceTree = "<group>"; };
		0BF9765B2B642D5000F27AD3 /* Follower.swift */ = {isa = PBXFileReference; lastKnownFileType = sourcecode.swift; path = Follower.swift; sourceTree = "<group>"; };
		0BF9765D2B642E3C00F27AD3 /* User.swift */ = {isa = PBXFileReference; lastKnownFileType = sourcecode.swift; path = User.swift; sourceTree = "<group>"; };
/* End PBXFileReference section */

/* Begin PBXFrameworksBuildPhase section */
		0B9CD8F92B5D864C004BB9A0 /* Frameworks */ = {
			isa = PBXFrameworksBuildPhase;
			buildActionMask = 2147483647;
			files = (
			);
			runOnlyForDeploymentPostprocessing = 0;
		};
/* End PBXFrameworksBuildPhase section */

/* Begin PBXGroup section */
		0B1168562B6AC90E00F5E757 /* Views */ = {
			isa = PBXGroup;
			children = (
				0B11685C2B6AC9B500F5E757 /* GFEmptyStateView.swift */,
				0BDE4C5E2B6D6B2E00821FBF /* GFItemInfoView.swift */,
			);
			path = Views;
			sourceTree = "<group>";
		};
		0B1168572B6AC91E00F5E757 /* Buttons */ = {
			isa = PBXGroup;
			children = (
				0B41F2E22B603F00008C2F54 /* GFButton.swift */,
			);
			path = Buttons;
			sourceTree = "<group>";
		};
		0B1168582B6AC92700F5E757 /* TextFields */ = {
			isa = PBXGroup;
			children = (
				0B41F2E42B6042BD008C2F54 /* GFTextField.swift */,
			);
			path = TextFields;
			sourceTree = "<group>";
		};
		0B1168592B6AC93200F5E757 /* ImageViews */ = {
			isa = PBXGroup;
			children = (
				0BAEF73E2B66A324006FF642 /* GFAvatarImageView.swift */,
			);
			path = ImageViews;
			sourceTree = "<group>";
		};
		0B11685A2B6AC94200F5E757 /* ViewControllers */ = {
			isa = PBXGroup;
			children = (
				0BA212F72B6EB1F600D945FD /* ItemInfoVCs */,
				0B0C4F552B61A0EB00459C8A /* GFAlertVC.swift */,
				0BB9B8692B6D558B0040C784 /* GFUserInfoHeaderVC.swift */,
			);
			path = ViewControllers;
			sourceTree = "<group>";
		};
		0B11685B2B6AC98E00F5E757 /* Labels */ = {
			isa = PBXGroup;
			children = (
				0B0C4F532B61A01A00459C8A /* GFBodyLabel.swift */,
				0BB9B86B2B6D55EE0040C784 /* GFSecondaryTitleLabel.swift */,
				0B0C4F512B619EC500459C8A /* GFTitleLabel.swift */,
			);
			path = Labels;
			sourceTree = "<group>";
		};
		0B87E6F92B6581C800411D08 /* Utilities */ = {
			isa = PBXGroup;
			children = (
				0B87E6FA2B6581DA00411D08 /* GFError.swift */,
				0B7876752B6838D600BD5A20 /* UIHelper.swift */,
				0BB9B86D2B6D5C510040C784 /* Constants.swift */,
			);
			path = Utilities;
			sourceTree = "<group>";
		};
		0B8C7BF22B65789A008A6F1A /* Managers */ = {
			isa = PBXGroup;
			children = (
				0B8C7BF32B6578BC008A6F1A /* NetworkManager.swift */,
			);
			path = Managers;
			sourceTree = "<group>";
		};
		0B9CD8F32B5D864C004BB9A0 = {
			isa = PBXGroup;
			children = (
				0B9CD8FE2B5D864C004BB9A0 /* GHFollowers */,
				0B9CD8FD2B5D864C004BB9A0 /* Products */,
			);
			sourceTree = "<group>";
		};
		0B9CD8FD2B5D864C004BB9A0 /* Products */ = {
			isa = PBXGroup;
			children = (
				0B9CD8FC2B5D864C004BB9A0 /* GHFollowers.app */,
			);
			name = Products;
			sourceTree = "<group>";
		};
		0B9CD8FE2B5D864C004BB9A0 /* GHFollowers */ = {
			isa = PBXGroup;
			children = (
				0B87E6F92B6581C800411D08 /* Utilities */,
				0B8C7BF22B65789A008A6F1A /* Managers */,
				0BF9765A2B642D3500F27AD3 /* Model */,
				0BF976582B64285300F27AD3 /* Extensions */,
				0BF976572B64280F00F27AD3 /* CustomViews */,
				0BF976562B6427D100F27AD3 /* Screens */,
				0BF976592B6428B200F27AD3 /* Support */,
				0B9CD9132B5D9583004BB9A0 /* Resourses */,
				0B9CD90D2B5D864D004BB9A0 /* Info.plist */,
			);
			path = GHFollowers;
			sourceTree = "<group>";
		};
		0B9CD9132B5D9583004BB9A0 /* Resourses */ = {
			isa = PBXGroup;
			children = (
				0B9CD9162B5D95FF004BB9A0 /* App Figma Layout.fig */,
				0B9CD9142B5D9597004BB9A0 /* ProjectBrief.md */,
			);
			path = Resourses;
			sourceTree = "<group>";
		};
		0BA212F72B6EB1F600D945FD /* ItemInfoVCs */ = {
			isa = PBXGroup;
			children = (
				0BA212F12B6EAC0100D945FD /* GFItemInfoVC.swift */,
				0BA212F32B6EB01900D945FD /* GFRepoItemVC.swift */,
				0BA212F52B6EB1A600D945FD /* GFFollowerItemVC.swift */,
			);
			path = ItemInfoVCs;
			sourceTree = "<group>";
		};
		0BAEF73B2B66A279006FF642 /* Cells */ = {
			isa = PBXGroup;
			children = (
				0BAEF73C2B66A29C006FF642 /* FollowerCell.swift */,
			);
			path = Cells;
			sourceTree = "<group>";
		};
		0BF976562B6427D100F27AD3 /* Screens */ = {
			isa = PBXGroup;
			children = (
				0B201EA42B5EF71900711E42 /* SearchVC.swift */,
				0B201EA62B5EF74C00711E42 /* FavouritesListVC.swift */,
				0B0C4F4F2B61922000459C8A /* FollowerListVC.swift */,
				0B03C1452B6C141B00CC31C4 /* UserInfoVC.swift */,
			);
			path = Screens;
			sourceTree = "<group>";
		};
		0BF976572B64280F00F27AD3 /* CustomViews */ = {
			isa = PBXGroup;
			children = (
				0B11685B2B6AC98E00F5E757 /* Labels */,
				0B11685A2B6AC94200F5E757 /* ViewControllers */,
				0B1168592B6AC93200F5E757 /* ImageViews */,
				0B1168582B6AC92700F5E757 /* TextFields */,
				0B1168572B6AC91E00F5E757 /* Buttons */,
				0B1168562B6AC90E00F5E757 /* Views */,
				0BAEF73B2B66A279006FF642 /* Cells */,
			);
			path = CustomViews;
			sourceTree = "<group>";
		};
		0BF976582B64285300F27AD3 /* Extensions */ = {
			isa = PBXGroup;
			children = (
				0B0C4F572B61A6A800459C8A /* UIViewController+Ext.swift */,
				0B099DD92B6FE50B0056613F /* Date+Ext.swift */,
				0B099DDB2B6FE5390056613F /* String+Ext.swift */,
			);
			path = Extensions;
			sourceTree = "<group>";
		};
		0BF976592B6428B200F27AD3 /* Support */ = {
			isa = PBXGroup;
			children = (
				0B9CD8FF2B5D864C004BB9A0 /* AppDelegate.swift */,
				0B9CD9012B5D864C004BB9A0 /* SceneDelegate.swift */,
				0B9CD9082B5D864D004BB9A0 /* Assets.xcassets */,
				0B9CD90A2B5D864D004BB9A0 /* LaunchScreen.storyboard */,
			);
			path = Support;
			sourceTree = "<group>";
		};
		0BF9765A2B642D3500F27AD3 /* Model */ = {
			isa = PBXGroup;
			children = (
				0BF9765B2B642D5000F27AD3 /* Follower.swift */,
				0BF9765D2B642E3C00F27AD3 /* User.swift */,
			);
			path = Model;
			sourceTree = "<group>";
		};
/* End PBXGroup section */

/* Begin PBXNativeTarget section */
		0B9CD8FB2B5D864C004BB9A0 /* GHFollowers */ = {
			isa = PBXNativeTarget;
			buildConfigurationList = 0B9CD9102B5D864D004BB9A0 /* Build configuration list for PBXNativeTarget "GHFollowers" */;
			buildPhases = (
				0B9CD8F82B5D864C004BB9A0 /* Sources */,
				0B9CD8F92B5D864C004BB9A0 /* Frameworks */,
				0B9CD8FA2B5D864C004BB9A0 /* Resources */,
			);
			buildRules = (
			);
			dependencies = (
			);
			name = GHFollowers;
			productName = GHFollowers;
			productReference = 0B9CD8FC2B5D864C004BB9A0 /* GHFollowers.app */;
			productType = "com.apple.product-type.application";
		};
/* End PBXNativeTarget section */

/* Begin PBXProject section */
		0B9CD8F42B5D864C004BB9A0 /* Project object */ = {
			isa = PBXProject;
			attributes = {
				BuildIndependentTargetsInParallel = 1;
				LastSwiftUpdateCheck = 1520;
				LastUpgradeCheck = 1520;
				TargetAttributes = {
					0B9CD8FB2B5D864C004BB9A0 = {
						CreatedOnToolsVersion = 15.2;
					};
				};
			};
			buildConfigurationList = 0B9CD8F72B5D864C004BB9A0 /* Build configuration list for PBXProject "GHFollowers" */;
			compatibilityVersion = "Xcode 14.0";
			developmentRegion = en;
			hasScannedForEncodings = 0;
			knownRegions = (
				en,
				Base,
			);
			mainGroup = 0B9CD8F32B5D864C004BB9A0;
			productRefGroup = 0B9CD8FD2B5D864C004BB9A0 /* Products */;
			projectDirPath = "";
			projectRoot = "";
			targets = (
				0B9CD8FB2B5D864C004BB9A0 /* GHFollowers */,
			);
		};
/* End PBXProject section */

/* Begin PBXResourcesBuildPhase section */
		0B9CD8FA2B5D864C004BB9A0 /* Resources */ = {
			isa = PBXResourcesBuildPhase;
			buildActionMask = 2147483647;
			files = (
				0B9CD9152B5D9597004BB9A0 /* ProjectBrief.md in Resources */,
				0B9CD90C2B5D864D004BB9A0 /* LaunchScreen.storyboard in Resources */,
				0B9CD9092B5D864D004BB9A0 /* Assets.xcassets in Resources */,
			);
			runOnlyForDeploymentPostprocessing = 0;
		};
/* End PBXResourcesBuildPhase section */

/* Begin PBXSourcesBuildPhase section */
		0B9CD8F82B5D864C004BB9A0 /* Sources */ = {
			isa = PBXSourcesBuildPhase;
			buildActionMask = 2147483647;
			files = (
				0BF9765E2B642E3C00F27AD3 /* User.swift in Sources */,
				0B41F2E52B6042BD008C2F54 /* GFTextField.swift in Sources */,
				0B201EA52B5EF71900711E42 /* SearchVC.swift in Sources */,
				0B41F2E32B603F00008C2F54 /* GFButton.swift in Sources */,
				0B0C4F582B61A6A800459C8A /* UIViewController+Ext.swift in Sources */,
				0B7876762B6838D600BD5A20 /* UIHelper.swift in Sources */,
				0BA212F22B6EAC0100D945FD /* GFItemInfoVC.swift in Sources */,
				0BB9B86E2B6D5C510040C784 /* Constants.swift in Sources */,
				0BAEF73F2B66A324006FF642 /* GFAvatarImageView.swift in Sources */,
				0B9CD9002B5D864C004BB9A0 /* AppDelegate.swift in Sources */,
				0B0C4F562B61A0EB00459C8A /* GFAlertVC.swift in Sources */,
				0BA212F62B6EB1A600D945FD /* GFFollowerItemVC.swift in Sources */,
				0BDE4C5F2B6D6B2E00821FBF /* GFItemInfoView.swift in Sources */,
				0BAEF73D2B66A29C006FF642 /* FollowerCell.swift in Sources */,
				0B87E6FB2B6581DA00411D08 /* GFError.swift in Sources */,
				0BB9B86A2B6D558B0040C784 /* GFUserInfoHeaderVC.swift in Sources */,
				0B099DDC2B6FE5390056613F /* String+Ext.swift in Sources */,
				0B0C4F542B61A01A00459C8A /* GFBodyLabel.swift in Sources */,
				0BF9765C2B642D5100F27AD3 /* Follower.swift in Sources */,
				0B0C4F522B619EC500459C8A /* GFTitleLabel.swift in Sources */,
				0BB9B86C2B6D55EE0040C784 /* GFSecondaryTitleLabel.swift in Sources */,
				0B11685D2B6AC9B500F5E757 /* GFEmptyStateView.swift in Sources */,
				0B8C7BF42B6578BC008A6F1A /* NetworkManager.swift in Sources */,
				0B0C4F502B61922000459C8A /* FollowerListVC.swift in Sources */,
				0B201EA72B5EF74C00711E42 /* FavouritesListVC.swift in Sources */,
				0B9CD9022B5D864C004BB9A0 /* SceneDelegate.swift in Sources */,
				0BA212F42B6EB01A00D945FD /* GFRepoItemVC.swift in Sources */,
				0B03C1462B6C141B00CC31C4 /* UserInfoVC.swift in Sources */,
				0B099DDA2B6FE50B0056613F /* Date+Ext.swift in Sources */,
			);
			runOnlyForDeploymentPostprocessing = 0;
		};
/* End PBXSourcesBuildPhase section */

/* Begin PBXVariantGroup section */
		0B9CD90A2B5D864D004BB9A0 /* LaunchScreen.storyboard */ = {
			isa = PBXVariantGroup;
			children = (
				0B9CD90B2B5D864D004BB9A0 /* Base */,
			);
			name = LaunchScreen.storyboard;
			sourceTree = "<group>";
		};
/* End PBXVariantGroup section */

/* Begin XCBuildConfiguration section */
		0B9CD90E2B5D864D004BB9A0 /* Debug */ = {
			isa = XCBuildConfiguration;
			buildSettings = {
				ALWAYS_SEARCH_USER_PATHS = NO;
				ASSETCATALOG_COMPILER_GENERATE_SWIFT_ASSET_SYMBOL_EXTENSIONS = YES;
				CLANG_ANALYZER_NONNULL = YES;
				CLANG_ANALYZER_NUMBER_OBJECT_CONVERSION = YES_AGGRESSIVE;
				CLANG_CXX_LANGUAGE_STANDARD = "gnu++20";
				CLANG_ENABLE_MODULES = YES;
				CLANG_ENABLE_OBJC_ARC = YES;
				CLANG_ENABLE_OBJC_WEAK = YES;
				CLANG_WARN_BLOCK_CAPTURE_AUTORELEASING = YES;
				CLANG_WARN_BOOL_CONVERSION = YES;
				CLANG_WARN_COMMA = YES;
				CLANG_WARN_CONSTANT_CONVERSION = YES;
				CLANG_WARN_DEPRECATED_OBJC_IMPLEMENTATIONS = YES;
				CLANG_WARN_DIRECT_OBJC_ISA_USAGE = YES_ERROR;
				CLANG_WARN_DOCUMENTATION_COMMENTS = YES;
				CLANG_WARN_EMPTY_BODY = YES;
				CLANG_WARN_ENUM_CONVERSION = YES;
				CLANG_WARN_INFINITE_RECURSION = YES;
				CLANG_WARN_INT_CONVERSION = YES;
				CLANG_WARN_NON_LITERAL_NULL_CONVERSION = YES;
				CLANG_WARN_OBJC_IMPLICIT_RETAIN_SELF = YES;
				CLANG_WARN_OBJC_LITERAL_CONVERSION = YES;
				CLANG_WARN_OBJC_ROOT_CLASS = YES_ERROR;
				CLANG_WARN_QUOTED_INCLUDE_IN_FRAMEWORK_HEADER = YES;
				CLANG_WARN_RANGE_LOOP_ANALYSIS = YES;
				CLANG_WARN_STRICT_PROTOTYPES = YES;
				CLANG_WARN_SUSPICIOUS_MOVE = YES;
				CLANG_WARN_UNGUARDED_AVAILABILITY = YES_AGGRESSIVE;
				CLANG_WARN_UNREACHABLE_CODE = YES;
				CLANG_WARN__DUPLICATE_METHOD_MATCH = YES;
				COPY_PHASE_STRIP = NO;
				DEBUG_INFORMATION_FORMAT = dwarf;
				ENABLE_STRICT_OBJC_MSGSEND = YES;
				ENABLE_TESTABILITY = YES;
				ENABLE_USER_SCRIPT_SANDBOXING = YES;
				GCC_C_LANGUAGE_STANDARD = gnu17;
				GCC_DYNAMIC_NO_PIC = NO;
				GCC_NO_COMMON_BLOCKS = YES;
				GCC_OPTIMIZATION_LEVEL = 0;
				GCC_PREPROCESSOR_DEFINITIONS = (
					"DEBUG=1",
					"$(inherited)",
				);
				GCC_WARN_64_TO_32_BIT_CONVERSION = YES;
				GCC_WARN_ABOUT_RETURN_TYPE = YES_ERROR;
				GCC_WARN_UNDECLARED_SELECTOR = YES;
				GCC_WARN_UNINITIALIZED_AUTOS = YES_AGGRESSIVE;
				GCC_WARN_UNUSED_FUNCTION = YES;
				GCC_WARN_UNUSED_VARIABLE = YES;
				IPHONEOS_DEPLOYMENT_TARGET = 17.2;
				LOCALIZATION_PREFERS_STRING_CATALOGS = YES;
				MTL_ENABLE_DEBUG_INFO = INCLUDE_SOURCE;
				MTL_FAST_MATH = YES;
				ONLY_ACTIVE_ARCH = YES;
				SDKROOT = iphoneos;
				SWIFT_ACTIVE_COMPILATION_CONDITIONS = "DEBUG $(inherited)";
				SWIFT_OPTIMIZATION_LEVEL = "-Onone";
			};
			name = Debug;
		};
		0B9CD90F2B5D864D004BB9A0 /* Release */ = {
			isa = XCBuildConfiguration;
			buildSettings = {
				ALWAYS_SEARCH_USER_PATHS = NO;
				ASSETCATALOG_COMPILER_GENERATE_SWIFT_ASSET_SYMBOL_EXTENSIONS = YES;
				CLANG_ANALYZER_NONNULL = YES;
				CLANG_ANALYZER_NUMBER_OBJECT_CONVERSION = YES_AGGRESSIVE;
				CLANG_CXX_LANGUAGE_STANDARD = "gnu++20";
				CLANG_ENABLE_MODULES = YES;
				CLANG_ENABLE_OBJC_ARC = YES;
				CLANG_ENABLE_OBJC_WEAK = YES;
				CLANG_WARN_BLOCK_CAPTURE_AUTORELEASING = YES;
				CLANG_WARN_BOOL_CONVERSION = YES;
				CLANG_WARN_COMMA = YES;
				CLANG_WARN_CONSTANT_CONVERSION = YES;
				CLANG_WARN_DEPRECATED_OBJC_IMPLEMENTATIONS = YES;
				CLANG_WARN_DIRECT_OBJC_ISA_USAGE = YES_ERROR;
				CLANG_WARN_DOCUMENTATION_COMMENTS = YES;
				CLANG_WARN_EMPTY_BODY = YES;
				CLANG_WARN_ENUM_CONVERSION = YES;
				CLANG_WARN_INFINITE_RECURSION = YES;
				CLANG_WARN_INT_CONVERSION = YES;
				CLANG_WARN_NON_LITERAL_NULL_CONVERSION = YES;
				CLANG_WARN_OBJC_IMPLICIT_RETAIN_SELF = YES;
				CLANG_WARN_OBJC_LITERAL_CONVERSION = YES;
				CLANG_WARN_OBJC_ROOT_CLASS = YES_ERROR;
				CLANG_WARN_QUOTED_INCLUDE_IN_FRAMEWORK_HEADER = YES;
				CLANG_WARN_RANGE_LOOP_ANALYSIS = YES;
				CLANG_WARN_STRICT_PROTOTYPES = YES;
				CLANG_WARN_SUSPICIOUS_MOVE = YES;
				CLANG_WARN_UNGUARDED_AVAILABILITY = YES_AGGRESSIVE;
				CLANG_WARN_UNREACHABLE_CODE = YES;
				CLANG_WARN__DUPLICATE_METHOD_MATCH = YES;
				COPY_PHASE_STRIP = NO;
				DEBUG_INFORMATION_FORMAT = "dwarf-with-dsym";
				ENABLE_NS_ASSERTIONS = NO;
				ENABLE_STRICT_OBJC_MSGSEND = YES;
				ENABLE_USER_SCRIPT_SANDBOXING = YES;
				GCC_C_LANGUAGE_STANDARD = gnu17;
				GCC_NO_COMMON_BLOCKS = YES;
				GCC_WARN_64_TO_32_BIT_CONVERSION = YES;
				GCC_WARN_ABOUT_RETURN_TYPE = YES_ERROR;
				GCC_WARN_UNDECLARED_SELECTOR = YES;
				GCC_WARN_UNINITIALIZED_AUTOS = YES_AGGRESSIVE;
				GCC_WARN_UNUSED_FUNCTION = YES;
				GCC_WARN_UNUSED_VARIABLE = YES;
				IPHONEOS_DEPLOYMENT_TARGET = 17.2;
				LOCALIZATION_PREFERS_STRING_CATALOGS = YES;
				MTL_ENABLE_DEBUG_INFO = NO;
				MTL_FAST_MATH = YES;
				SDKROOT = iphoneos;
				SWIFT_COMPILATION_MODE = wholemodule;
				VALIDATE_PRODUCT = YES;
			};
			name = Release;
		};
		0B9CD9112B5D864D004BB9A0 /* Debug */ = {
			isa = XCBuildConfiguration;
			buildSettings = {
				ASSETCATALOG_COMPILER_APPICON_NAME = AppIcon;
				ASSETCATALOG_COMPILER_GLOBAL_ACCENT_COLOR_NAME = AccentColor;
				CODE_SIGN_STYLE = Automatic;
				CURRENT_PROJECT_VERSION = 1;
				DEVELOPMENT_TEAM = Y43668Q2S4;
				GENERATE_INFOPLIST_FILE = YES;
				INFOPLIST_FILE = GHFollowers/Info.plist;
				INFOPLIST_KEY_UIApplicationSupportsIndirectInputEvents = YES;
				INFOPLIST_KEY_UILaunchStoryboardName = LaunchScreen;
				INFOPLIST_KEY_UISupportedInterfaceOrientations = UIInterfaceOrientationPortrait;
				LD_RUNPATH_SEARCH_PATHS = (
					"$(inherited)",
					"@executable_path/Frameworks",
				);
				MARKETING_VERSION = 1.0;
				PRODUCT_BUNDLE_IDENTIFIER = ru.igorcodes.GHFollowers;
				PRODUCT_NAME = "$(TARGET_NAME)";
				SUPPORTED_PLATFORMS = "iphoneos iphonesimulator";
				SUPPORTS_MACCATALYST = NO;
				SUPPORTS_MAC_DESIGNED_FOR_IPHONE_IPAD = NO;
				SUPPORTS_XR_DESIGNED_FOR_IPHONE_IPAD = NO;
				SWIFT_EMIT_LOC_STRINGS = YES;
				SWIFT_VERSION = 5.0;
				TARGETED_DEVICE_FAMILY = 1;
			};
			name = Debug;
		};
		0B9CD9122B5D864D004BB9A0 /* Release */ = {
			isa = XCBuildConfiguration;
			buildSettings = {
				ASSETCATALOG_COMPILER_APPICON_NAME = AppIcon;
				ASSETCATALOG_COMPILER_GLOBAL_ACCENT_COLOR_NAME = AccentColor;
				CODE_SIGN_STYLE = Automatic;
				CURRENT_PROJECT_VERSION = 1;
				DEVELOPMENT_TEAM = Y43668Q2S4;
				GENERATE_INFOPLIST_FILE = YES;
				INFOPLIST_FILE = GHFollowers/Info.plist;
				INFOPLIST_KEY_UIApplicationSupportsIndirectInputEvents = YES;
				INFOPLIST_KEY_UILaunchStoryboardName = LaunchScreen;
				INFOPLIST_KEY_UISupportedInterfaceOrientations = UIInterfaceOrientationPortrait;
				LD_RUNPATH_SEARCH_PATHS = (
					"$(inherited)",
					"@executable_path/Frameworks",
				);
				MARKETING_VERSION = 1.0;
				PRODUCT_BUNDLE_IDENTIFIER = ru.igorcodes.GHFollowers;
				PRODUCT_NAME = "$(TARGET_NAME)";
				SUPPORTED_PLATFORMS = "iphoneos iphonesimulator";
				SUPPORTS_MACCATALYST = NO;
				SUPPORTS_MAC_DESIGNED_FOR_IPHONE_IPAD = NO;
				SUPPORTS_XR_DESIGNED_FOR_IPHONE_IPAD = NO;
				SWIFT_EMIT_LOC_STRINGS = YES;
				SWIFT_VERSION = 5.0;
				TARGETED_DEVICE_FAMILY = 1;
			};
			name = Release;
		};
/* End XCBuildConfiguration section */

/* Begin XCConfigurationList section */
		0B9CD8F72B5D864C004BB9A0 /* Build configuration list for PBXProject "GHFollowers" */ = {
			isa = XCConfigurationList;
			buildConfigurations = (
				0B9CD90E2B5D864D004BB9A0 /* Debug */,
				0B9CD90F2B5D864D004BB9A0 /* Release */,
			);
			defaultConfigurationIsVisible = 0;
			defaultConfigurationName = Release;
		};
		0B9CD9102B5D864D004BB9A0 /* Build configuration list for PBXNativeTarget "GHFollowers" */ = {
			isa = XCConfigurationList;
			buildConfigurations = (
				0B9CD9112B5D864D004BB9A0 /* Debug */,
				0B9CD9122B5D864D004BB9A0 /* Release */,
			);
			defaultConfigurationIsVisible = 0;
			defaultConfigurationName = Release;
		};
/* End XCConfigurationList section */
	};
	rootObject = 0B9CD8F42B5D864C004BB9A0 /* Project object */;
}
